Microsoft Visual Studio Solution File, Format Version 11.00
# Visual Studio 2013
Project("{CE6CF9AA-CD61-31B5-78F1-2831A85719C2}") = "pg_midi_lib", "pg_midi_lib.vcxproj", "{B9B208E6-91BC-02DC-F879-BDF25544549D}"
EndProject
Global
	GlobalSection(SolutionConfigurationPlatforms) = preSolution
		Debug|Win32 = Debug|Win32
		Release|Win32 = Release|Win32
	EndGlobalSection
	GlobalSection(ProjectConfigurationPlatforms) = postSolution
		{B9B208E6-91BC-02DC-F879-BDF25544549D}.Debug|Win32.ActiveCfg = Debug|Win32
		{B9B208E6-91BC-02DC-F879-BDF25544549D}.Debug|Win32.Build.0 = Debug|Win32
		{B9B208E6-91BC-02DC-F879-BDF25544549D}.Release|Win32.ActiveCfg = Release|Win32
		{B9B208E6-91BC-02DC-F879-BDF25544549D}.Release|Win32.Build.0 = Release|Win32
	EndGlobalSection
	GlobalSection(SolutionProperties) = preSolution
		HideSolutionNode = FALSE
	EndGlobalSection
EndGlobal
